
Microsoft Visual Studio Solution File, Format Version 12.00
# Visual Studio 2015
Project("{FAE04EC0-301F-11D3-BF4B-00C04F79EFBC}") = "Cube20170119.CSharp", "Cube20170119.CSharp.csproj", "{9C3891E1-1E0C-661C-4A44-E6E2E2BE0263}"
EndProject
Global
	GlobalSection(SolutionConfigurationPlatforms) = preSolution
		Debug|Any CPU = Debug|Any CPU
		Release|Any CPU = Release|Any CPU
	EndGlobalSection
	GlobalSection(ProjectConfigurationPlatforms) = postSolution
		{9C3891E1-1E0C-661C-4A44-E6E2E2BE0263}.Debug|Any CPU.ActiveCfg = Debug|Any CPU
		{9C3891E1-1E0C-661C-4A44-E6E2E2BE0263}.Debug|Any CPU.Build.0 = Debug|Any CPU
		{9C3891E1-1E0C-661C-4A44-E6E2E2BE0263}.Release|Any CPU.ActiveCfg = Release|Any CPU
		{9C3891E1-1E0C-661C-4A44-E6E2E2BE0263}.Release|Any CPU.Build.0 = Release|Any CPU
	EndGlobalSection
	GlobalSection(SolutionProperties) = preSolution
		HideSolutionNode = FALSE
	EndGlobalSection
EndGlobal
