
Microsoft Visual Studio Solution File, Format Version 12.00
# Visual Studio 2015
Project("{FAE04EC0-301F-11D3-BF4B-00C04F79EFBC}") = "cube20170220.CSharp", "cube20170220.CSharp.csproj", "{FE541C8E-0B82-8474-50BC-FD8DBACC56CD}"
EndProject
Global
	GlobalSection(SolutionConfigurationPlatforms) = preSolution
		Debug|Any CPU = Debug|Any CPU
		Release|Any CPU = Release|Any CPU
	EndGlobalSection
	GlobalSection(ProjectConfigurationPlatforms) = postSolution
		{FE541C8E-0B82-8474-50BC-FD8DBACC56CD}.Debug|Any CPU.ActiveCfg = Debug|Any CPU
		{FE541C8E-0B82-8474-50BC-FD8DBACC56CD}.Debug|Any CPU.Build.0 = Debug|Any CPU
		{FE541C8E-0B82-8474-50BC-FD8DBACC56CD}.Release|Any CPU.ActiveCfg = Release|Any CPU
		{FE541C8E-0B82-8474-50BC-FD8DBACC56CD}.Release|Any CPU.Build.0 = Release|Any CPU
	EndGlobalSection
	GlobalSection(SolutionProperties) = preSolution
		HideSolutionNode = FALSE
	EndGlobalSection
EndGlobal
