
Microsoft Visual Studio Solution File, Format Version 12.00
# Visual Studio 2015
Project("{FAE04EC0-301F-11D3-BF4B-00C04F79EFBC}") = "Cube20170202.CSharp", "Cube20170202.CSharp.csproj", "{B2CCA140-E3C5-E155-8075-087D091F1AFC}"
EndProject
Global
	GlobalSection(SolutionConfigurationPlatforms) = preSolution
		Debug|Any CPU = Debug|Any CPU
		Release|Any CPU = Release|Any CPU
	EndGlobalSection
	GlobalSection(ProjectConfigurationPlatforms) = postSolution
		{B2CCA140-E3C5-E155-8075-087D091F1AFC}.Debug|Any CPU.ActiveCfg = Debug|Any CPU
		{B2CCA140-E3C5-E155-8075-087D091F1AFC}.Debug|Any CPU.Build.0 = Debug|Any CPU
		{B2CCA140-E3C5-E155-8075-087D091F1AFC}.Release|Any CPU.ActiveCfg = Release|Any CPU
		{B2CCA140-E3C5-E155-8075-087D091F1AFC}.Release|Any CPU.Build.0 = Release|Any CPU
	EndGlobalSection
	GlobalSection(SolutionProperties) = preSolution
		HideSolutionNode = FALSE
	EndGlobalSection
EndGlobal
